
Microsoft Visual Studio Solution File, Format Version 12.00
# Visual Studio 15
VisualStudioVersion = 15.0.27130.2024
MinimumVisualStudioVersion = 10.0.40219.1
Project("{9A19103F-16F7-4668-BE54-9A1E7A4F7556}") = "UniversalBlockChain.Plugin", "UniversalBlockChain.Plugin\UniversalBlockChain.Plugin.csproj", "{AF3007EA-10AD-4B17-AB51-AE14E40C5A0D}"
EndProject
Project("{9A19103F-16F7-4668-BE54-9A1E7A4F7556}") = "UniversalBlockChain.Deamon", "UniversalBlockChain.Deamon\UniversalBlockChain.Deamon.csproj", "{68DF1A79-0113-4B54-9F71-CABC87601D48}"
EndProject
Project("{9A19103F-16F7-4668-BE54-9A1E7A4F7556}") = "UniversalBlockChain.Library", "UniversalBlockChain.Library\UniversalBlockChain.Library.csproj", "{54324E19-0632-4E37-9341-929FB400EC25}"
EndProject
Project("{2150E333-8FDC-42A3-9474-1A3956D46DE8}") = "UnitTests", "UnitTests", "{3A90DCA8-B430-4D49-991F-536E06BBC9AE}"
EndProject
Project("{9A19103F-16F7-4668-BE54-9A1E7A4F7556}") = "UniversalBlockChain.Library.UnitTests", "UniversalBlockChain.Library.UnitTests\UniversalBlockChain.Library.UnitTests.csproj", "{339A385D-BF0D-46BE-AE0B-268BA4D362F5}"
EndProject
Project("{FAE04EC0-301F-11D3-BF4B-00C04F79EFBC}") = "UniversalBlockChain.Client", "UniversalBlockChain.Client\UniversalBlockChain.Client.csproj", "{EB82E75E-99E0-42A1-AF6F-7DF6A0463698}"
EndProject
Global
	GlobalSection(SolutionConfigurationPlatforms) = preSolution
		Debug|Any CPU = Debug|Any CPU
		Release|Any CPU = Release|Any CPU
	EndGlobalSection
	GlobalSection(ProjectConfigurationPlatforms) = postSolution
		{AF3007EA-10AD-4B17-AB51-AE14E40C5A0D}.Debug|Any CPU.ActiveCfg = Debug|Any CPU
		{AF3007EA-10AD-4B17-AB51-AE14E40C5A0D}.Debug|Any CPU.Build.0 = Debug|Any CPU
		{AF3007EA-10AD-4B17-AB51-AE14E40C5A0D}.Release|Any CPU.ActiveCfg = Release|Any CPU
		{AF3007EA-10AD-4B17-AB51-AE14E40C5A0D}.Release|Any CPU.Build.0 = Release|Any CPU
		{68DF1A79-0113-4B54-9F71-CABC87601D48}.Debug|Any CPU.ActiveCfg = Debug|Any CPU
		{68DF1A79-0113-4B54-9F71-CABC87601D48}.Debug|Any CPU.Build.0 = Debug|Any CPU
		{68DF1A79-0113-4B54-9F71-CABC87601D48}.Release|Any CPU.ActiveCfg = Release|Any CPU
		{68DF1A79-0113-4B54-9F71-CABC87601D48}.Release|Any CPU.Build.0 = Release|Any CPU
		{54324E19-0632-4E37-9341-929FB400EC25}.Debug|Any CPU.ActiveCfg = Debug|Any CPU
		{54324E19-0632-4E37-9341-929FB400EC25}.Debug|Any CPU.Build.0 = Debug|Any CPU
		{54324E19-0632-4E37-9341-929FB400EC25}.Release|Any CPU.ActiveCfg = Release|Any CPU
		{54324E19-0632-4E37-9341-929FB400EC25}.Release|Any CPU.Build.0 = Release|Any CPU
		{339A385D-BF0D-46BE-AE0B-268BA4D362F5}.Debug|Any CPU.ActiveCfg = Debug|Any CPU
		{339A385D-BF0D-46BE-AE0B-268BA4D362F5}.Debug|Any CPU.Build.0 = Debug|Any CPU
		{339A385D-BF0D-46BE-AE0B-268BA4D362F5}.Release|Any CPU.ActiveCfg = Release|Any CPU
		{339A385D-BF0D-46BE-AE0B-268BA4D362F5}.Release|Any CPU.Build.0 = Release|Any CPU
		{EB82E75E-99E0-42A1-AF6F-7DF6A0463698}.Debug|Any CPU.ActiveCfg = Debug|Any CPU
		{EB82E75E-99E0-42A1-AF6F-7DF6A0463698}.Debug|Any CPU.Build.0 = Debug|Any CPU
		{EB82E75E-99E0-42A1-AF6F-7DF6A0463698}.Release|Any CPU.ActiveCfg = Release|Any CPU
		{EB82E75E-99E0-42A1-AF6F-7DF6A0463698}.Release|Any CPU.Build.0 = Release|Any CPU
	EndGlobalSection
	GlobalSection(SolutionProperties) = preSolution
		HideSolutionNode = FALSE
	EndGlobalSection
	GlobalSection(NestedProjects) = preSolution
		{339A385D-BF0D-46BE-AE0B-268BA4D362F5} = {3A90DCA8-B430-4D49-991F-536E06BBC9AE}
	EndGlobalSection
	GlobalSection(ExtensibilityGlobals) = postSolution
		SolutionGuid = {5C45A327-3A75-4EE2-85F6-1192E4B93888}
	EndGlobalSection
EndGlobal
